# This file was autogenerated by Stack.
# You should not edit this file by hand.
# For more information, please see the documentation at:
#   https://docs.haskellstack.org/en/stable/lock_files

packages:
- completed:
    hackage: servant-multipart-client-0.12.1@sha256:e9e4de8ef9a649fa89bc44393017d92bf95d99cc7583fc066b2b49384c6ea38e,1976
    pantry-tree:
      size: 400
      sha256: 705dc08c7b8a9fffe03a4543296b421327c44c0ad32e662258e1187e98cd9d9a
  original:
    hackage: servant-multipart-client-0.12.1@sha256:e9e4de8ef9a649fa89bc44393017d92bf95d99cc7583fc066b2b49384c6ea38e,1976
snapshots:
- completed:
    size: 590102
    url: https://raw.githubusercontent.com/commercialhaskell/stackage-snapshots/master/lts/18/27.yaml
    sha256: 79a786674930a89301b0e908fad2822a48882f3d01486117693c377b8edffdbe
  original:
    url: https://raw.githubusercontent.com/commercialhaskell/stackage-snapshots/master/lts/18/27.yaml
